
Microsoft Visual Studio Solution File, Format Version 12.00
# Visual Studio Version 16
VisualStudioVersion = 16.0.31424.327
MinimumVisualStudioVersion = 10.0.40219.1
Project("{9A19103F-16F7-4668-BE54-9A1E7A4F7556}") = "02-ByteBank", "02-ByteBank\02-ByteBank.csproj", "{C60878CE-DA9B-479F-8EA5-D23BA9709390}"
EndProject
Project("{FAE04EC0-301F-11D3-BF4B-00C04F79EFBC}") = "03-ByteBank", "03-ByteBank\03-ByteBank.csproj", "{A87B8435-1153-4E51-8DE7-48D8D38403B1}"
EndProject
Global
	GlobalSection(SolutionConfigurationPlatforms) = preSolution
		Debug|Any CPU = Debug|Any CPU
		Release|Any CPU = Release|Any CPU
	EndGlobalSection
	GlobalSection(ProjectConfigurationPlatforms) = postSolution
		{C60878CE-DA9B-479F-8EA5-D23BA9709390}.Debug|Any CPU.ActiveCfg = Debug|Any CPU
		{C60878CE-DA9B-479F-8EA5-D23BA9709390}.Debug|Any CPU.Build.0 = Debug|Any CPU
		{C60878CE-DA9B-479F-8EA5-D23BA9709390}.Release|Any CPU.ActiveCfg = Release|Any CPU
		{C60878CE-DA9B-479F-8EA5-D23BA9709390}.Release|Any CPU.Build.0 = Release|Any CPU
		{A87B8435-1153-4E51-8DE7-48D8D38403B1}.Debug|Any CPU.ActiveCfg = Debug|Any CPU
		{A87B8435-1153-4E51-8DE7-48D8D38403B1}.Debug|Any CPU.Build.0 = Debug|Any CPU
		{A87B8435-1153-4E51-8DE7-48D8D38403B1}.Release|Any CPU.ActiveCfg = Release|Any CPU
		{A87B8435-1153-4E51-8DE7-48D8D38403B1}.Release|Any CPU.Build.0 = Release|Any CPU
	EndGlobalSection
	GlobalSection(SolutionProperties) = preSolution
		HideSolutionNode = FALSE
	EndGlobalSection
	GlobalSection(ExtensibilityGlobals) = postSolution
		SolutionGuid = {D0591D3D-99EC-4627-B65B-6A236386368B}
	EndGlobalSection
EndGlobal
